
Microsoft Visual Studio Solution File, Format Version 12.00
# Visual Studio 15
VisualStudioVersion = 15.0.26124.0
MinimumVisualStudioVersion = 15.0.26124.0
Project("{2150E333-8FDC-42A3-9474-1A3956D46DE8}") = "src", "src", "{47D934FE-610F-4138-BD4F-B0F7ECDD7AD7}"
EndProject
Project("{E53339B2-1760-4266-BCC7-CA923CBCF16C}") = "docker-compose", "docker-compose.dcproj", "{152182DC-ED61-4816-AA2A-4604790446BE}"
EndProject
Project("{2150E333-8FDC-42A3-9474-1A3956D46DE8}") = "BuildingBlocks", "BuildingBlocks", "{C591215E-D10B-496B-B7D9-49037331DAED}"
EndProject
Project("{2150E333-8FDC-42A3-9474-1A3956D46DE8}") = "Services", "Services", "{72F1D5B7-E476-4943-878F-F4930ECA6666}"
EndProject
Project("{2150E333-8FDC-42A3-9474-1A3956D46DE8}") = "HealthChecks", "HealthChecks", "{D237471E-6F5B-4134-BC76-EC81043ED5EC}"
EndProject
Project("{2150E333-8FDC-42A3-9474-1A3956D46DE8}") = "Webhost", "Webhost", "{6E777E1B-FB01-4E2A-8C2F-B11058DD33CF}"
EndProject
Project("{9A19103F-16F7-4668-BE54-9A1E7A4F7556}") = "Microsoft.AspNetCore.HealthChecks", "src\BuildingBlocks\HealthChecks\src\Microsoft.AspNetCore.HealthChecks\Microsoft.AspNetCore.HealthChecks.csproj", "{EE3F44BD-272E-445A-B3E8-D1F44705CAB8}"
EndProject
Project("{9A19103F-16F7-4668-BE54-9A1E7A4F7556}") = "Microsoft.Extensions.HealthChecks", "src\BuildingBlocks\HealthChecks\src\Microsoft.Extensions.HealthChecks\Microsoft.Extensions.HealthChecks.csproj", "{CF23ECDE-6A24-486B-9A11-67724B638E4D}"
EndProject
Project("{9A19103F-16F7-4668-BE54-9A1E7A4F7556}") = "Microsoft.Extensions.HealthChecks.AzureStorage", "src\BuildingBlocks\HealthChecks\src\Microsoft.Extensions.HealthChecks.AzureStorage\Microsoft.Extensions.HealthChecks.AzureStorage.csproj", "{B02AD123-6701-4197-89F4-0FDF4AE19FA4}"
EndProject
Project("{9A19103F-16F7-4668-BE54-9A1E7A4F7556}") = "Microsoft.Extensions.HealthChecks.SqlServer", "src\BuildingBlocks\HealthChecks\src\Microsoft.Extensions.HealthChecks.SqlServer\Microsoft.Extensions.HealthChecks.SqlServer.csproj", "{E0F87A10-9751-4F08-8664-665B96CD175B}"
EndProject
Project("{9A19103F-16F7-4668-BE54-9A1E7A4F7556}") = "WebHost.Customization", "src\BuildingBlocks\WebHostCustomization\WebHost.Customization\WebHost.Customization.csproj", "{1872140A-AB4C-427F-A0E7-8E0D54E781EC}"
EndProject
Project("{2150E333-8FDC-42A3-9474-1A3956D46DE8}") = "Identity", "Identity", "{16AC650C-C3D4-4539-8449-68D77C0EF441}"
EndProject
Project("{9A19103F-16F7-4668-BE54-9A1E7A4F7556}") = "Identity.API", "src\Services\Identity\Identity.API\Identity.API.csproj", "{2663B2BD-E2FA-465C-BAA8-2DA528EEBA1F}"
EndProject
Project("{2150E333-8FDC-42A3-9474-1A3956D46DE8}") = "EventBus", "EventBus", "{F46C3295-F346-4694-B742-6087CC69917A}"
EndProject
Project("{9A19103F-16F7-4668-BE54-9A1E7A4F7556}") = "EventBus", "src\BuildingBlocks\EventBus\EventBus\EventBus.csproj", "{79034E7A-B0BD-4C3F-B435-404088F30599}"
EndProject
Project("{FAE04EC0-301F-11D3-BF4B-00C04F79EFBC}") = "EventBusRabbitMQ", "src\BuildingBlocks\EventBus\EventBusRabbitMQ\EventBusRabbitMQ.csproj", "{9F24F09D-CB93-41AB-ADC4-260A43DE89CA}"
EndProject
Project("{FAE04EC0-301F-11D3-BF4B-00C04F79EFBC}") = "EventBusServiceBus", "src\BuildingBlocks\EventBus\EventBusServiceBus\EventBusServiceBus.csproj", "{08FDB940-C08B-4B7A-A5CF-41991D4FB0AC}"
EndProject
Project("{FAE04EC0-301F-11D3-BF4B-00C04F79EFBC}") = "IntegrationEventLogEF", "src\BuildingBlocks\EventBus\IntegrationEventLogEF\IntegrationEventLogEF.csproj", "{3EC9B4BD-D87E-4512-8C6A-E761B5175218}"
EndProject
Global
	GlobalSection(SolutionConfigurationPlatforms) = preSolution
		Debug|Any CPU = Debug|Any CPU
		Debug|x64 = Debug|x64
		Debug|x86 = Debug|x86
		Release|Any CPU = Release|Any CPU
		Release|x64 = Release|x64
		Release|x86 = Release|x86
	EndGlobalSection
	GlobalSection(ProjectConfigurationPlatforms) = postSolution
		{152182DC-ED61-4816-AA2A-4604790446BE}.Debug|Any CPU.ActiveCfg = Debug|Any CPU
		{152182DC-ED61-4816-AA2A-4604790446BE}.Debug|Any CPU.Build.0 = Debug|Any CPU
		{152182DC-ED61-4816-AA2A-4604790446BE}.Debug|x64.ActiveCfg = Debug|Any CPU
		{152182DC-ED61-4816-AA2A-4604790446BE}.Debug|x64.Build.0 = Debug|Any CPU
		{152182DC-ED61-4816-AA2A-4604790446BE}.Debug|x86.ActiveCfg = Debug|Any CPU
		{152182DC-ED61-4816-AA2A-4604790446BE}.Debug|x86.Build.0 = Debug|Any CPU
		{152182DC-ED61-4816-AA2A-4604790446BE}.Release|Any CPU.ActiveCfg = Release|Any CPU
		{152182DC-ED61-4816-AA2A-4604790446BE}.Release|Any CPU.Build.0 = Release|Any CPU
		{152182DC-ED61-4816-AA2A-4604790446BE}.Release|x64.ActiveCfg = Release|Any CPU
		{152182DC-ED61-4816-AA2A-4604790446BE}.Release|x64.Build.0 = Release|Any CPU
		{152182DC-ED61-4816-AA2A-4604790446BE}.Release|x86.ActiveCfg = Release|Any CPU
		{152182DC-ED61-4816-AA2A-4604790446BE}.Release|x86.Build.0 = Release|Any CPU
		{EE3F44BD-272E-445A-B3E8-D1F44705CAB8}.Debug|Any CPU.ActiveCfg = Debug|Any CPU
		{EE3F44BD-272E-445A-B3E8-D1F44705CAB8}.Debug|Any CPU.Build.0 = Debug|Any CPU
		{EE3F44BD-272E-445A-B3E8-D1F44705CAB8}.Debug|x64.ActiveCfg = Debug|Any CPU
		{EE3F44BD-272E-445A-B3E8-D1F44705CAB8}.Debug|x64.Build.0 = Debug|Any CPU
		{EE3F44BD-272E-445A-B3E8-D1F44705CAB8}.Debug|x86.ActiveCfg = Debug|Any CPU
		{EE3F44BD-272E-445A-B3E8-D1F44705CAB8}.Debug|x86.Build.0 = Debug|Any CPU
		{EE3F44BD-272E-445A-B3E8-D1F44705CAB8}.Release|Any CPU.ActiveCfg = Release|Any CPU
		{EE3F44BD-272E-445A-B3E8-D1F44705CAB8}.Release|Any CPU.Build.0 = Release|Any CPU
		{EE3F44BD-272E-445A-B3E8-D1F44705CAB8}.Release|x64.ActiveCfg = Release|Any CPU
		{EE3F44BD-272E-445A-B3E8-D1F44705CAB8}.Release|x64.Build.0 = Release|Any CPU
		{EE3F44BD-272E-445A-B3E8-D1F44705CAB8}.Release|x86.ActiveCfg = Release|Any CPU
		{EE3F44BD-272E-445A-B3E8-D1F44705CAB8}.Release|x86.Build.0 = Release|Any CPU
		{CF23ECDE-6A24-486B-9A11-67724B638E4D}.Debug|Any CPU.ActiveCfg = Debug|Any CPU
		{CF23ECDE-6A24-486B-9A11-67724B638E4D}.Debug|Any CPU.Build.0 = Debug|Any CPU
		{CF23ECDE-6A24-486B-9A11-67724B638E4D}.Debug|x64.ActiveCfg = Debug|Any CPU
		{CF23ECDE-6A24-486B-9A11-67724B638E4D}.Debug|x64.Build.0 = Debug|Any CPU
		{CF23ECDE-6A24-486B-9A11-67724B638E4D}.Debug|x86.ActiveCfg = Debug|Any CPU
		{CF23ECDE-6A24-486B-9A11-67724B638E4D}.Debug|x86.Build.0 = Debug|Any CPU
		{CF23ECDE-6A24-486B-9A11-67724B638E4D}.Release|Any CPU.ActiveCfg = Release|Any CPU
		{CF23ECDE-6A24-486B-9A11-67724B638E4D}.Release|Any CPU.Build.0 = Release|Any CPU
		{CF23ECDE-6A24-486B-9A11-67724B638E4D}.Release|x64.ActiveCfg = Release|Any CPU
		{CF23ECDE-6A24-486B-9A11-67724B638E4D}.Release|x64.Build.0 = Release|Any CPU
		{CF23ECDE-6A24-486B-9A11-67724B638E4D}.Release|x86.ActiveCfg = Release|Any CPU
		{CF23ECDE-6A24-486B-9A11-67724B638E4D}.Release|x86.Build.0 = Release|Any CPU
		{B02AD123-6701-4197-89F4-0FDF4AE19FA4}.Debug|Any CPU.ActiveCfg = Debug|Any CPU
		{B02AD123-6701-4197-89F4-0FDF4AE19FA4}.Debug|Any CPU.Build.0 = Debug|Any CPU
		{B02AD123-6701-4197-89F4-0FDF4AE19FA4}.Debug|x64.ActiveCfg = Debug|Any CPU
		{B02AD123-6701-4197-89F4-0FDF4AE19FA4}.Debug|x64.Build.0 = Debug|Any CPU
		{B02AD123-6701-4197-89F4-0FDF4AE19FA4}.Debug|x86.ActiveCfg = Debug|Any CPU
		{B02AD123-6701-4197-89F4-0FDF4AE19FA4}.Debug|x86.Build.0 = Debug|Any CPU
		{B02AD123-6701-4197-89F4-0FDF4AE19FA4}.Release|Any CPU.ActiveCfg = Release|Any CPU
		{B02AD123-6701-4197-89F4-0FDF4AE19FA4}.Release|Any CPU.Build.0 = Release|Any CPU
		{B02AD123-6701-4197-89F4-0FDF4AE19FA4}.Release|x64.ActiveCfg = Release|Any CPU
		{B02AD123-6701-4197-89F4-0FDF4AE19FA4}.Release|x64.Build.0 = Release|Any CPU
		{B02AD123-6701-4197-89F4-0FDF4AE19FA4}.Release|x86.ActiveCfg = Release|Any CPU
		{B02AD123-6701-4197-89F4-0FDF4AE19FA4}.Release|x86.Build.0 = Release|Any CPU
		{E0F87A10-9751-4F08-8664-665B96CD175B}.Debug|Any CPU.ActiveCfg = Debug|Any CPU
		{E0F87A10-9751-4F08-8664-665B96CD175B}.Debug|Any CPU.Build.0 = Debug|Any CPU
		{E0F87A10-9751-4F08-8664-665B96CD175B}.Debug|x64.ActiveCfg = Debug|Any CPU
		{E0F87A10-9751-4F08-8664-665B96CD175B}.Debug|x64.Build.0 = Debug|Any CPU
		{E0F87A10-9751-4F08-8664-665B96CD175B}.Debug|x86.ActiveCfg = Debug|Any CPU
		{E0F87A10-9751-4F08-8664-665B96CD175B}.Debug|x86.Build.0 = Debug|Any CPU
		{E0F87A10-9751-4F08-8664-665B96CD175B}.Release|Any CPU.ActiveCfg = Release|Any CPU
		{E0F87A10-9751-4F08-8664-665B96CD175B}.Release|Any CPU.Build.0 = Release|Any CPU
		{E0F87A10-9751-4F08-8664-665B96CD175B}.Release|x64.ActiveCfg = Release|Any CPU
		{E0F87A10-9751-4F08-8664-665B96CD175B}.Release|x64.Build.0 = Release|Any CPU
		{E0F87A10-9751-4F08-8664-665B96CD175B}.Release|x86.ActiveCfg = Release|Any CPU
		{E0F87A10-9751-4F08-8664-665B96CD175B}.Release|x86.Build.0 = Release|Any CPU
		{1872140A-AB4C-427F-A0E7-8E0D54E781EC}.Debug|Any CPU.ActiveCfg = Debug|Any CPU
		{1872140A-AB4C-427F-A0E7-8E0D54E781EC}.Debug|Any CPU.Build.0 = Debug|Any CPU
		{1872140A-AB4C-427F-A0E7-8E0D54E781EC}.Debug|x64.ActiveCfg = Debug|Any CPU
		{1872140A-AB4C-427F-A0E7-8E0D54E781EC}.Debug|x64.Build.0 = Debug|Any CPU
		{1872140A-AB4C-427F-A0E7-8E0D54E781EC}.Debug|x86.ActiveCfg = Debug|Any CPU
		{1872140A-AB4C-427F-A0E7-8E0D54E781EC}.Debug|x86.Build.0 = Debug|Any CPU
		{1872140A-AB4C-427F-A0E7-8E0D54E781EC}.Release|Any CPU.ActiveCfg = Release|Any CPU
		{1872140A-AB4C-427F-A0E7-8E0D54E781EC}.Release|Any CPU.Build.0 = Release|Any CPU
		{1872140A-AB4C-427F-A0E7-8E0D54E781EC}.Release|x64.ActiveCfg = Release|Any CPU
		{1872140A-AB4C-427F-A0E7-8E0D54E781EC}.Release|x64.Build.0 = Release|Any CPU
		{1872140A-AB4C-427F-A0E7-8E0D54E781EC}.Release|x86.ActiveCfg = Release|Any CPU
		{1872140A-AB4C-427F-A0E7-8E0D54E781EC}.Release|x86.Build.0 = Release|Any CPU
		{2663B2BD-E2FA-465C-BAA8-2DA528EEBA1F}.Debug|Any CPU.ActiveCfg = Debug|Any CPU
		{2663B2BD-E2FA-465C-BAA8-2DA528EEBA1F}.Debug|Any CPU.Build.0 = Debug|Any CPU
		{2663B2BD-E2FA-465C-BAA8-2DA528EEBA1F}.Debug|x64.ActiveCfg = Debug|Any CPU
		{2663B2BD-E2FA-465C-BAA8-2DA528EEBA1F}.Debug|x64.Build.0 = Debug|Any CPU
		{2663B2BD-E2FA-465C-BAA8-2DA528EEBA1F}.Debug|x86.ActiveCfg = Debug|Any CPU
		{2663B2BD-E2FA-465C-BAA8-2DA528EEBA1F}.Debug|x86.Build.0 = Debug|Any CPU
		{2663B2BD-E2FA-465C-BAA8-2DA528EEBA1F}.Release|Any CPU.ActiveCfg = Release|Any CPU
		{2663B2BD-E2FA-465C-BAA8-2DA528EEBA1F}.Release|Any CPU.Build.0 = Release|Any CPU
		{2663B2BD-E2FA-465C-BAA8-2DA528EEBA1F}.Release|x64.ActiveCfg = Release|Any CPU
		{2663B2BD-E2FA-465C-BAA8-2DA528EEBA1F}.Release|x64.Build.0 = Release|Any CPU
		{2663B2BD-E2FA-465C-BAA8-2DA528EEBA1F}.Release|x86.ActiveCfg = Release|Any CPU
		{2663B2BD-E2FA-465C-BAA8-2DA528EEBA1F}.Release|x86.Build.0 = Release|Any CPU
		{79034E7A-B0BD-4C3F-B435-404088F30599}.Debug|Any CPU.ActiveCfg = Debug|Any CPU
		{79034E7A-B0BD-4C3F-B435-404088F30599}.Debug|Any CPU.Build.0 = Debug|Any CPU
		{79034E7A-B0BD-4C3F-B435-404088F30599}.Debug|x64.ActiveCfg = Debug|Any CPU
		{79034E7A-B0BD-4C3F-B435-404088F30599}.Debug|x64.Build.0 = Debug|Any CPU
		{79034E7A-B0BD-4C3F-B435-404088F30599}.Debug|x86.ActiveCfg = Debug|Any CPU
		{79034E7A-B0BD-4C3F-B435-404088F30599}.Debug|x86.Build.0 = Debug|Any CPU
		{79034E7A-B0BD-4C3F-B435-404088F30599}.Release|Any CPU.ActiveCfg = Release|Any CPU
		{79034E7A-B0BD-4C3F-B435-404088F30599}.Release|Any CPU.Build.0 = Release|Any CPU
		{79034E7A-B0BD-4C3F-B435-404088F30599}.Release|x64.ActiveCfg = Release|Any CPU
		{79034E7A-B0BD-4C3F-B435-404088F30599}.Release|x64.Build.0 = Release|Any CPU
		{79034E7A-B0BD-4C3F-B435-404088F30599}.Release|x86.ActiveCfg = Release|Any CPU
		{79034E7A-B0BD-4C3F-B435-404088F30599}.Release|x86.Build.0 = Release|Any CPU
		{9F24F09D-CB93-41AB-ADC4-260A43DE89CA}.Debug|Any CPU.ActiveCfg = Debug|Any CPU
		{9F24F09D-CB93-41AB-ADC4-260A43DE89CA}.Debug|Any CPU.Build.0 = Debug|Any CPU
		{9F24F09D-CB93-41AB-ADC4-260A43DE89CA}.Debug|x64.ActiveCfg = Debug|Any CPU
		{9F24F09D-CB93-41AB-ADC4-260A43DE89CA}.Debug|x64.Build.0 = Debug|Any CPU
		{9F24F09D-CB93-41AB-ADC4-260A43DE89CA}.Debug|x86.ActiveCfg = Debug|Any CPU
		{9F24F09D-CB93-41AB-ADC4-260A43DE89CA}.Debug|x86.Build.0 = Debug|Any CPU
		{9F24F09D-CB93-41AB-ADC4-260A43DE89CA}.Release|Any CPU.ActiveCfg = Release|Any CPU
		{9F24F09D-CB93-41AB-ADC4-260A43DE89CA}.Release|Any CPU.Build.0 = Release|Any CPU
		{9F24F09D-CB93-41AB-ADC4-260A43DE89CA}.Release|x64.ActiveCfg = Release|Any CPU
		{9F24F09D-CB93-41AB-ADC4-260A43DE89CA}.Release|x64.Build.0 = Release|Any CPU
		{9F24F09D-CB93-41AB-ADC4-260A43DE89CA}.Release|x86.ActiveCfg = Release|Any CPU
		{9F24F09D-CB93-41AB-ADC4-260A43DE89CA}.Release|x86.Build.0 = Release|Any CPU
		{08FDB940-C08B-4B7A-A5CF-41991D4FB0AC}.Debug|Any CPU.ActiveCfg = Debug|Any CPU
		{08FDB940-C08B-4B7A-A5CF-41991D4FB0AC}.Debug|Any CPU.Build.0 = Debug|Any CPU
		{08FDB940-C08B-4B7A-A5CF-41991D4FB0AC}.Debug|x64.ActiveCfg = Debug|Any CPU
		{08FDB940-C08B-4B7A-A5CF-41991D4FB0AC}.Debug|x64.Build.0 = Debug|Any CPU
		{08FDB940-C08B-4B7A-A5CF-41991D4FB0AC}.Debug|x86.ActiveCfg = Debug|Any CPU
		{08FDB940-C08B-4B7A-A5CF-41991D4FB0AC}.Debug|x86.Build.0 = Debug|Any CPU
		{08FDB940-C08B-4B7A-A5CF-41991D4FB0AC}.Release|Any CPU.ActiveCfg = Release|Any CPU
		{08FDB940-C08B-4B7A-A5CF-41991D4FB0AC}.Release|Any CPU.Build.0 = Release|Any CPU
		{08FDB940-C08B-4B7A-A5CF-41991D4FB0AC}.Release|x64.ActiveCfg = Release|Any CPU
		{08FDB940-C08B-4B7A-A5CF-41991D4FB0AC}.Release|x64.Build.0 = Release|Any CPU
		{08FDB940-C08B-4B7A-A5CF-41991D4FB0AC}.Release|x86.ActiveCfg = Release|Any CPU
		{08FDB940-C08B-4B7A-A5CF-41991D4FB0AC}.Release|x86.Build.0 = Release|Any CPU
		{3EC9B4BD-D87E-4512-8C6A-E761B5175218}.Debug|Any CPU.ActiveCfg = Debug|Any CPU
		{3EC9B4BD-D87E-4512-8C6A-E761B5175218}.Debug|Any CPU.Build.0 = Debug|Any CPU
		{3EC9B4BD-D87E-4512-8C6A-E761B5175218}.Debug|x64.ActiveCfg = Debug|Any CPU
		{3EC9B4BD-D87E-4512-8C6A-E761B5175218}.Debug|x64.Build.0 = Debug|Any CPU
		{3EC9B4BD-D87E-4512-8C6A-E761B5175218}.Debug|x86.ActiveCfg = Debug|Any CPU
		{3EC9B4BD-D87E-4512-8C6A-E761B5175218}.Debug|x86.Build.0 = Debug|Any CPU
		{3EC9B4BD-D87E-4512-8C6A-E761B5175218}.Release|Any CPU.ActiveCfg = Release|Any CPU
		{3EC9B4BD-D87E-4512-8C6A-E761B5175218}.Release|Any CPU.Build.0 = Release|Any CPU
		{3EC9B4BD-D87E-4512-8C6A-E761B5175218}.Release|x64.ActiveCfg = Release|Any CPU
		{3EC9B4BD-D87E-4512-8C6A-E761B5175218}.Release|x64.Build.0 = Release|Any CPU
		{3EC9B4BD-D87E-4512-8C6A-E761B5175218}.Release|x86.ActiveCfg = Release|Any CPU
		{3EC9B4BD-D87E-4512-8C6A-E761B5175218}.Release|x86.Build.0 = Release|Any CPU
	EndGlobalSection
	GlobalSection(SolutionProperties) = preSolution
		HideSolutionNode = FALSE
	EndGlobalSection
	GlobalSection(NestedProjects) = preSolution
		{C591215E-D10B-496B-B7D9-49037331DAED} = {47D934FE-610F-4138-BD4F-B0F7ECDD7AD7}
		{72F1D5B7-E476-4943-878F-F4930ECA6666} = {47D934FE-610F-4138-BD4F-B0F7ECDD7AD7}
		{D237471E-6F5B-4134-BC76-EC81043ED5EC} = {C591215E-D10B-496B-B7D9-49037331DAED}
		{6E777E1B-FB01-4E2A-8C2F-B11058DD33CF} = {C591215E-D10B-496B-B7D9-49037331DAED}
		{EE3F44BD-272E-445A-B3E8-D1F44705CAB8} = {D237471E-6F5B-4134-BC76-EC81043ED5EC}
		{CF23ECDE-6A24-486B-9A11-67724B638E4D} = {D237471E-6F5B-4134-BC76-EC81043ED5EC}
		{B02AD123-6701-4197-89F4-0FDF4AE19FA4} = {D237471E-6F5B-4134-BC76-EC81043ED5EC}
		{E0F87A10-9751-4F08-8664-665B96CD175B} = {D237471E-6F5B-4134-BC76-EC81043ED5EC}
		{1872140A-AB4C-427F-A0E7-8E0D54E781EC} = {6E777E1B-FB01-4E2A-8C2F-B11058DD33CF}
		{16AC650C-C3D4-4539-8449-68D77C0EF441} = {72F1D5B7-E476-4943-878F-F4930ECA6666}
		{2663B2BD-E2FA-465C-BAA8-2DA528EEBA1F} = {16AC650C-C3D4-4539-8449-68D77C0EF441}
		{F46C3295-F346-4694-B742-6087CC69917A} = {C591215E-D10B-496B-B7D9-49037331DAED}
		{79034E7A-B0BD-4C3F-B435-404088F30599} = {F46C3295-F346-4694-B742-6087CC69917A}
		{9F24F09D-CB93-41AB-ADC4-260A43DE89CA} = {F46C3295-F346-4694-B742-6087CC69917A}
		{08FDB940-C08B-4B7A-A5CF-41991D4FB0AC} = {F46C3295-F346-4694-B742-6087CC69917A}
		{3EC9B4BD-D87E-4512-8C6A-E761B5175218} = {F46C3295-F346-4694-B742-6087CC69917A}
	EndGlobalSection
	GlobalSection(ExtensibilityGlobals) = postSolution
		SolutionGuid = {9EFD2A4D-11BA-47EE-99A0-0DBC59221405}
	EndGlobalSection
EndGlobal
